github.com/Masterminds/semver/v3 v3.2.0 h1:3MEsd0SM6jqZojhjLWWeBY+Kcjy9i6MQAeY7YgDP83g=
github.com/Masterminds/semver/v3 v3.2.0/go.mod h1:qvl/7zhW3nngYb5+80sSMF+FG2BjYrf8m9wsX0PNOMQ=
github.com/aws/aws-cdk-go/awscdk v1.201.0-devpreview h1:Zkq+EhAV3jEU2CR5It8xNralp1rp9X8hoqTg6RJNOGg=
github.com/aws/aws-cdk-go/awscdk v1.201.0-devpreview/go.mod h1:HPs15vMAudAJZXOxjlyL2Vfq/SdIdOuKOkb7m0vrQL8=
github.com/aws/aws-cdk-go/awscdk/v2 v2.77.0 h1:Id1IfBjlaDvltY5SAc/jnLlCATNTvLTYrT9lNVAovpM=
github.com/aws/aws-cdk-go/awscdk/v2 v2.77.0/go.mod h1:9iJvj+6EXwEG0W6ynS5N960MXMUD3VMhVKe12UkXTOc=
github.com/aws/constructs-go/constructs/v10 v10.1.270 h1:MDjG2YpaauSCjl230HLRo+AD6vNclPv148zkFEn4cSc=
github.com/aws/constructs-go/constructs/v10 v10.1.270/go.mod h1:0kRYiOOoiEo4YOzVYzonyhdYs78G89qLl0YeasyIONA=
github.com/aws/constructs-go/constructs/v3 v3.4.232 h1:YLw1wSu8/qqmacsZWPXI+qFNu4ml2YZwtRZHL2gaB8M=
github.com/aws/constructs-go/constructs/v3 v3.4.232/go.mod h1:ejR5Hd2llgfqo68taM7H/hnri4hrHObbsqbT6YySLMI=
github.com/aws/jsii-runtime-go v1.78.1 h1:3yZi/iUlqe7SVLgbbEMge1vC4QxCC8vsgnuNENE9Qhk=
github.com/aws/jsii-runtime-go v1.78.1/go.mod h1:4IGCggNIyxe54k/INmsXrEjx9hUYQGw2W7a1I5x6l78=
github.com/cdklabs/awscdk-asset-awscli-go/awscliv1/v2 v2.2.97 h1:djh/IxEOenTcd3r5PqdI/oG+0DejpcDFgc7YzCjVQW4=
github.com/cdklabs/awscdk-asset-awscli-go/awscliv1/v2 v2.2.97/go.mod h1:PkuOc2PJS/vvkezj7ROedaZ9RrIH6BFy07izhAn4ZQ8=
github.com/cdklabs/awscdk-asset-kubectl-go/kubectlv20/v2 v2.1.1 h1:l5N27aCCjAB5cgW5pI4/ujnasPL8hUcJ9KBxrKk6UiQ=
github.com/cdklabs/awscdk-asset-kubectl-go/kubectlv20/v2 v2.1.1/go.mod h1:CvFHBo0qcg8LUkJqIxQtP1rD/sNGv9bX3L2vHT2FUAo=
github.com/cdklabs/awscdk-asset-node-proxy-agent-go/nodeproxyagentv5/v2 v2.0.77 h1:Dz48ATZZyiWfGc93tUyCZh7Aoquno5G7g/azPYnlRdI=
github.com/cdklabs/awscdk-asset-node-proxy-agent-go/nodeproxyagentv5/v2 v2.0.77/go.mod h1:xuNRPgwJuKObjPrOjEI7kv7A0Z8F1lNiwSdCEFJQfMc=
